// !$*UTF8*$!
{
	archiveVersion = 1;
	classes = {
	};
	objectVersion = 56;
	objects = {

/* Begin PBXBuildFile section */
		82782A8D2A83DEFB00204C7A /* DayNightChallengeApp.swift in Sources */ = {isa = PBXBuildFile; fileRef = 82782A8C2A83DEFB00204C7A /* DayNightChallengeApp.swift */; };
		82782A8F2A83DEFB00204C7A /* ContentView.swift in Sources */ = {isa = PBXBuildFile; fileRef = 82782A8E2A83DEFB00204C7A /* ContentView.swift */; };
		82782A912A83DEFF00204C7A /* Assets.xcassets in Resources */ = {isa = PBXBuildFile; fileRef = 82782A902A83DEFF00204C7A /* Assets.xcassets */; };
		82782A942A83DEFF00204C7A /* Preview Assets.xcassets in Resources */ = {isa = PBXBuildFile; fileRef = 82782A932A83DEFF00204C7A /* Preview Assets.xcassets */; };
		82782A9E2A83DF0000204C7A /* DayNightChallengeTests.swift in Sources */ = {isa = PBXBuildFile; fileRef = 82782A9D2A83DF0000204C7A /* DayNightChallengeTests.swift */; };
		82782AA82A83DF0000204C7A /* DayNightChallengeUITests.swift in Sources */ = {isa = PBXBuildFile; fileRef = 82782AA72A83DF0000204C7A /* DayNightChallengeUITests.swift */; };
		82782AAA2A83DF0000204C7A /* DayNightChallengeUITestsLaunchTests.swift in Sources */ = {isa = PBXBuildFile; fileRef = 82782AA92A83DF0000204C7A /* DayNightChallengeUITestsLaunchTests.swift */; };
		82782AB72A83E1D600204C7A /* .gitignore in Resources */ = {isa = PBXBuildFile; fileRef = 82782AB62A83E1D500204C7A /* .gitignore */; };
/* End PBXBuildFile section */

/* Begin PBXContainerItemProxy section */
		82782A9A2A83DF0000204C7A /* PBXContainerItemProxy */ = {
			isa = PBXContainerItemProxy;
			containerPortal = 82782A812A83DEFB00204C7A /* Project object */;
			proxyType = 1;
			remoteGlobalIDString = 82782A882A83DEFB00204C7A;
			remoteInfo = DayNightChallenge;
		};
		82782AA42A83DF0000204C7A /* PBXContainerItemProxy */ = {
			isa = PBXContainerItemProxy;
			containerPortal = 82782A812A83DEFB00204C7A /* Project object */;
			proxyType = 1;
			remoteGlobalIDString = 82782A882A83DEFB00204C7A;
			remoteInfo = DayNightChallenge;
		};
/* End PBXContainerItemProxy section */

/* Begin PBXFileReference section */
		82782A892A83DEFB00204C7A /* DayNightChallenge.app */ = {isa = PBXFileReference; explicitFileType = wrapper.application; includeInIndex = 0; path = DayNightChallenge.app; sourceTree = BUILT_PRODUCTS_DIR; };
		82782A8C2A83DEFB00204C7A /* DayNightChallengeApp.swift */ = {isa = PBXFileReference; lastKnownFileType = sourcecode.swift; path = DayNightChallengeApp.swift; sourceTree = "<group>"; };
		82782A8E2A83DEFB00204C7A /* ContentView.swift */ = {isa = PBXFileReference; lastKnownFileType = sourcecode.swift; path = ContentView.swift; sourceTree = "<group>"; };
		82782A902A83DEFF00204C7A /* Assets.xcassets */ = {isa = PBXFileReference; lastKnownFileType = folder.assetcatalog; path = Assets.xcassets; sourceTree = "<group>"; };
		82782A932A83DEFF00204C7A /* Preview Assets.xcassets */ = {isa = PBXFileReference; lastKnownFileType = folder.assetcatalog; path = "Preview Assets.xcassets"; sourceTree = "<group>"; };
		82782A992A83DF0000204C7A /* DayNightChallengeTests.xctest */ = {isa = PBXFileReference; explicitFileType = wrapper.cfbundle; includeInIndex = 0; path = DayNightChallengeTests.xctest; sourceTree = BUILT_PRODUCTS_DIR; };
		82782A9D2A83DF0000204C7A /* DayNightChallengeTests.swift */ = {isa = PBXFileReference; lastKnownFileType = sourcecode.swift; path = DayNightChallengeTests.swift; sourceTree = "<group>"; };
		82782AA32A83DF0000204C7A /* DayNightChallengeUITests.xctest */ = {isa = PBXFileReference; explicitFileType = wrapper.cfbundle; includeInIndex = 0; path = DayNightChallengeUITests.xctest; sourceTree = BUILT_PRODUCTS_DIR; };
		82782AA72A83DF0000204C7A /* DayNightChallengeUITests.swift */ = {isa = PBXFileReference; lastKnownFileType = sourcecode.swift; path = DayNightChallengeUITests.swift; sourceTree = "<group>"; };
		82782AA92A83DF0000204C7A /* DayNightChallengeUITestsLaunchTests.swift */ = {isa = PBXFileReference; lastKnownFileType = sourcecode.swift; path = DayNightChallengeUITestsLaunchTests.swift; sourceTree = "<group>"; };
		82782AB62A83E1D500204C7A /* .gitignore */ = {isa = PBXFileReference; fileEncoding = 4; lastKnownFileType = text; path = .gitignore; sourceTree = "<group>"; };
/* End PBXFileReference section */

/* Begin PBXFrameworksBuildPhase section */
		82782A862A83DEFB00204C7A /* Frameworks */ = {
			isa = PBXFrameworksBuildPhase;
			buildActionMask = 2147483647;
			files = (
			);
			runOnlyForDeploymentPostprocessing = 0;
		};
		82782A962A83DF0000204C7A /* Frameworks */ = {
			isa = PBXFrameworksBuildPhase;
			buildActionMask = 2147483647;
			files = (
			);
			runOnlyForDeploymentPostprocessing = 0;
		};
		82782AA02A83DF0000204C7A /* Frameworks */ = {
			isa = PBXFrameworksBuildPhase;
			buildActionMask = 2147483647;
			files = (
			);
			runOnlyForDeploymentPostprocessing = 0;
		};
/* End PBXFrameworksBuildPhase section */

/* Begin PBXGroup section */
		82782A802A83DEFB00204C7A = {
			isa = PBXGroup;
			children = (
				82782AB62A83E1D500204C7A /* .gitignore */,
				82782A8B2A83DEFB00204C7A /* DayNightChallenge */,
				82782A9C2A83DF0000204C7A /* DayNightChallengeTests */,
				82782AA62A83DF0000204C7A /* DayNightChallengeUITests */,
				82782A8A2A83DEFB00204C7A /* Products */,
			);
			sourceTree = "<group>";
		};
		82782A8A2A83DEFB00204C7A /* Products */ = {
			isa = PBXGroup;
			children = (
				82782A892A83DEFB00204C7A /* DayNightChallenge.app */,
				82782A992A83DF0000204C7A /* DayNightChallengeTests.xctest */,
				82782AA32A83DF0000204C7A /* DayNightChallengeUITests.xctest */,
			);
			name = Products;
			sourceTree = "<group>";
		};
		82782A8B2A83DEFB00204C7A /* DayNightChallenge */ = {
			isa = PBXGroup;
			children = (
				82782A8C2A83DEFB00204C7A /* DayNightChallengeApp.swift */,
				82782A8E2A83DEFB00204C7A /* ContentView.swift */,
				82782A902A83DEFF00204C7A /* Assets.xcassets */,
				82782A922A83DEFF00204C7A /* Preview Content */,
			);
			path = DayNightChallenge;
			sourceTree = "<group>";
		};
		82782A922A83DEFF00204C7A /* Preview Content */ = {
			isa = PBXGroup;
			children = (
				82782A932A83DEFF00204C7A /* Preview Assets.xcassets */,
			);
			path = "Preview Content";
			sourceTree = "<group>";
		};
		82782A9C2A83DF0000204C7A /* DayNightChallengeTests */ = {
			isa = PBXGroup;
			children = (
				82782A9D2A83DF0000204C7A /* DayNightChallengeTests.swift */,
			);
			path = DayNightChallengeTests;
			sourceTree = "<group>";
		};
		82782AA62A83DF0000204C7A /* DayNightChallengeUITests */ = {
			isa = PBXGroup;
			children = (
				82782AA72A83DF0000204C7A /* DayNightChallengeUITests.swift */,
				82782AA92A83DF0000204C7A /* DayNightChallengeUITestsLaunchTests.swift */,
			);
			path = DayNightChallengeUITests;
			sourceTree = "<group>";
		};
/* End PBXGroup section */

/* Begin PBXNativeTarget section */
		82782A882A83DEFB00204C7A /* DayNightChallenge */ = {
			isa = PBXNativeTarget;
			buildConfigurationList = 82782AAD2A83DF0000204C7A /* Build configuration list for PBXNativeTarget "DayNightChallenge" */;
			buildPhases = (
				82782A852A83DEFB00204C7A /* Sources */,
				82782A862A83DEFB00204C7A /* Frameworks */,
				82782A872A83DEFB00204C7A /* Resources */,
			);
			buildRules = (
			);
			dependencies = (
			);
			name = DayNightChallenge;
			productName = DayNightChallenge;
			productReference = 82782A892A83DEFB00204C7A /* DayNightChallenge.app */;
			productType = "com.apple.product-type.application";
		};
		82782A982A83DF0000204C7A /* DayNightChallengeTests */ = {
			isa = PBXNativeTarget;
			buildConfigurationList = 82782AB02A83DF0000204C7A /* Build configuration list for PBXNativeTarget "DayNightChallengeTests" */;
			buildPhases = (
				82782A952A83DF0000204C7A /* Sources */,
				82782A962A83DF0000204C7A /* Frameworks */,
				82782A972A83DF0000204C7A /* Resources */,
			);
			buildRules = (
			);
			dependencies = (
				82782A9B2A83DF0000204C7A /* PBXTargetDependency */,
			);
			name = DayNightChallengeTests;
			productName = DayNightChallengeTests;
			productReference = 82782A992A83DF0000204C7A /* DayNightChallengeTests.xctest */;
			productType = "com.apple.product-type.bundle.unit-test";
		};
		82782AA22A83DF0000204C7A /* DayNightChallengeUITests */ = {
			isa = PBXNativeTarget;
			buildConfigurationList = 82782AB32A83DF0000204C7A /* Build configuration list for PBXNativeTarget "DayNightChallengeUITests" */;
			buildPhases = (
				82782A9F2A83DF0000204C7A /* Sources */,
				82782AA02A83DF0000204C7A /* Frameworks */,
				82782AA12A83DF0000204C7A /* Resources */,
			);
			buildRules = (
			);
			dependencies = (
				82782AA52A83DF0000204C7A /* PBXTargetDependency */,
			);
			name = DayNightChallengeUITests;
			productName = DayNightChallengeUITests;
			productReference = 82782AA32A83DF0000204C7A /* DayNightChallengeUITests.xctest */;
			productType = "com.apple.product-type.bundle.ui-testing";
		};
/* End PBXNativeTarget section */

/* Begin PBXProject section */
		82782A812A83DEFB00204C7A /* Project object */ = {
			isa = PBXProject;
			attributes = {
				BuildIndependentTargetsInParallel = 1;
				LastSwiftUpdateCheck = 1430;
				LastUpgradeCheck = 1430;
				TargetAttributes = {
					82782A882A83DEFB00204C7A = {
						CreatedOnToolsVersion = 14.3;
					};
					82782A982A83DF0000204C7A = {
						CreatedOnToolsVersion = 14.3;
						TestTargetID = 82782A882A83DEFB00204C7A;
					};
					82782AA22A83DF0000204C7A = {
						CreatedOnToolsVersion = 14.3;
						TestTargetID = 82782A882A83DEFB00204C7A;
					};
				};
			};
			buildConfigurationList = 82782A842A83DEFB00204C7A /* Build configuration list for PBXProject "DayNightChallenge" */;
			compatibilityVersion = "Xcode 14.0";
			developmentRegion = en;
			hasScannedForEncodings = 0;
			knownRegions = (
				en,
				Base,
			);
			mainGroup = 82782A802A83DEFB00204C7A;
			productRefGroup = 82782A8A2A83DEFB00204C7A /* Products */;
			projectDirPath = "";
			projectRoot = "";
			targets = (
				82782A882A83DEFB00204C7A /* DayNightChallenge */,
				82782A982A83DF0000204C7A /* DayNightChallengeTests */,
				82782AA22A83DF0000204C7A /* DayNightChallengeUITests */,
			);
		};
/* End PBXProject section */

/* Begin PBXResourcesBuildPhase section */
		82782A872A83DEFB00204C7A /* Resources */ = {
			isa = PBXResourcesBuildPhase;
			buildActionMask = 2147483647;
			files = (
				82782A942A83DEFF00204C7A /* Preview Assets.xcassets in Resources */,
				82782AB72A83E1D600204C7A /* .gitignore in Resources */,
				82782A912A83DEFF00204C7A /* Assets.xcassets in Resources */,
			);
			runOnlyForDeploymentPostprocessing = 0;
		};
		82782A972A83DF0000204C7A /* Resources */ = {
			isa = PBXResourcesBuildPhase;
			buildActionMask = 2147483647;
			files = (
			);
			runOnlyForDeploymentPostprocessing = 0;
		};
		82782AA12A83DF0000204C7A /* Resources */ = {
			isa = PBXResourcesBuildPhase;
			buildActionMask = 2147483647;
			files = (
			);
			runOnlyForDeploymentPostprocessing = 0;
		};
/* End PBXResourcesBuildPhase section */

/* Begin PBXSourcesBuildPhase section */
		82782A852A83DEFB00204C7A /* Sources */ = {
			isa = PBXSourcesBuildPhase;
			buildActionMask = 2147483647;
			files = (
				82782A8F2A83DEFB00204C7A /* ContentView.swift in Sources */,
				82782A8D2A83DEFB00204C7A /* DayNightChallengeApp.swift in Sources */,
			);
			runOnlyForDeploymentPostprocessing = 0;
		};
		82782A952A83DF0000204C7A /* Sources */ = {
			isa = PBXSourcesBuildPhase;
			buildActionMask = 2147483647;
			files = (
				82782A9E2A83DF0000204C7A /* DayNightChallengeTests.swift in Sources */,
			);
			runOnlyForDeploymentPostprocessing = 0;
		};
		82782A9F2A83DF0000204C7A /* Sources */ = {
			isa = PBXSourcesBuildPhase;
			buildActionMask = 2147483647;
			files = (
				82782AAA2A83DF0000204C7A /* DayNightChallengeUITestsLaunchTests.swift in Sources */,
				82782AA82A83DF0000204C7A /* DayNightChallengeUITests.swift in Sources */,
			);
			runOnlyForDeploymentPostprocessing = 0;
		};
/* End PBXSourcesBuildPhase section */

/* Begin PBXTargetDependency section */
		82782A9B2A83DF0000204C7A /* PBXTargetDependency */ = {
			isa = PBXTargetDependency;
			target = 82782A882A83DEFB00204C7A /* DayNightChallenge */;
			targetProxy = 82782A9A2A83DF0000204C7A /* PBXContainerItemProxy */;
		};
		82782AA52A83DF0000204C7A /* PBXTargetDependency */ = {
			isa = PBXTargetDependency;
			target = 82782A882A83DEFB00204C7A /* DayNightChallenge */;
			targetProxy = 82782AA42A83DF0000204C7A /* PBXContainerItemProxy */;
		};
/* End PBXTargetDependency section */

/* Begin XCBuildConfiguration section */
		82782AAB2A83DF0000204C7A /* Debug */ = {
			isa = XCBuildConfiguration;
			buildSettings = {
				ALWAYS_SEARCH_USER_PATHS = NO;
				CLANG_ANALYZER_NONNULL = YES;
				CLANG_ANALYZER_NUMBER_OBJECT_CONVERSION = YES_AGGRESSIVE;
				CLANG_CXX_LANGUAGE_STANDARD = "gnu++20";
				CLANG_ENABLE_MODULES = YES;
				CLANG_ENABLE_OBJC_ARC = YES;
				CLANG_ENABLE_OBJC_WEAK = YES;
				CLANG_WARN_BLOCK_CAPTURE_AUTORELEASING = YES;
				CLANG_WARN_BOOL_CONVERSION = YES;
				CLANG_WARN_COMMA = YES;
				CLANG_WARN_CONSTANT_CONVERSION = YES;
				CLANG_WARN_DEPRECATED_OBJC_IMPLEMENTATIONS = YES;
				CLANG_WARN_DIRECT_OBJC_ISA_USAGE = YES_ERROR;
				CLANG_WARN_DOCUMENTATION_COMMENTS = YES;
				CLANG_WARN_EMPTY_BODY = YES;
				CLANG_WARN_ENUM_CONVERSION = YES;
				CLANG_WARN_INFINITE_RECURSION = YES;
				CLANG_WARN_INT_CONVERSION = YES;
				CLANG_WARN_NON_LITERAL_NULL_CONVERSION = YES;
				CLANG_WARN_OBJC_IMPLICIT_RETAIN_SELF = YES;
				CLANG_WARN_OBJC_LITERAL_CONVERSION = YES;
				CLANG_WARN_OBJC_ROOT_CLASS = YES_ERROR;
				CLANG_WARN_QUOTED_INCLUDE_IN_FRAMEWORK_HEADER = YES;
				CLANG_WARN_RANGE_LOOP_ANALYSIS = YES;
				CLANG_WARN_STRICT_PROTOTYPES = YES;
				CLANG_WARN_SUSPICIOUS_MOVE = YES;
				CLANG_WARN_UNGUARDED_AVAILABILITY = YES_AGGRESSIVE;
				CLANG_WARN_UNREACHABLE_CODE = YES;
				CLANG_WARN__DUPLICATE_METHOD_MATCH = YES;
				COPY_PHASE_STRIP = NO;
				DEBUG_INFORMATION_FORMAT = dwarf;
				ENABLE_STRICT_OBJC_MSGSEND = YES;
				ENABLE_TESTABILITY = YES;
				GCC_C_LANGUAGE_STANDARD = gnu11;
				GCC_DYNAMIC_NO_PIC = NO;
				GCC_NO_COMMON_BLOCKS = YES;
				GCC_OPTIMIZATION_LEVEL = 0;
				GCC_PREPROCESSOR_DEFINITIONS = (
					"DEBUG=1",
					"$(inherited)",
				);
				GCC_WARN_64_TO_32_BIT_CONVERSION = YES;
				GCC_WARN_ABOUT_RETURN_TYPE = YES_ERROR;
				GCC_WARN_UNDECLARED_SELECTOR = YES;
				GCC_WARN_UNINITIALIZED_AUTOS = YES_AGGRESSIVE;
				GCC_WARN_UNUSED_FUNCTION = YES;
				GCC_WARN_UNUSED_VARIABLE = YES;
				IPHONEOS_DEPLOYMENT_TARGET = 16.4;
				MTL_ENABLE_DEBUG_INFO = INCLUDE_SOURCE;
				MTL_FAST_MATH = YES;
				ONLY_ACTIVE_ARCH = YES;
				SDKROOT = iphoneos;
				SWIFT_ACTIVE_COMPILATION_CONDITIONS = DEBUG;
				SWIFT_OPTIMIZATION_LEVEL = "-Onone";
			};
			name = Debug;
		};
		82782AAC2A83DF0000204C7A /* Release */ = {
			isa = XCBuildConfiguration;
			buildSettings = {
				ALWAYS_SEARCH_USER_PATHS = NO;
				CLANG_ANALYZER_NONNULL = YES;
				CLANG_ANALYZER_NUMBER_OBJECT_CONVERSION = YES_AGGRESSIVE;
				CLANG_CXX_LANGUAGE_STANDARD = "gnu++20";
				CLANG_ENABLE_MODULES = YES;
				CLANG_ENABLE_OBJC_ARC = YES;
				CLANG_ENABLE_OBJC_WEAK = YES;
				CLANG_WARN_BLOCK_CAPTURE_AUTORELEASING = YES;
				CLANG_WARN_BOOL_CONVERSION = YES;
				CLANG_WARN_COMMA = YES;
				CLANG_WARN_CONSTANT_CONVERSION = YES;
				CLANG_WARN_DEPRECATED_OBJC_IMPLEMENTATIONS = YES;
				CLANG_WARN_DIRECT_OBJC_ISA_USAGE = YES_ERROR;
				CLANG_WARN_DOCUMENTATION_COMMENTS = YES;
				CLANG_WARN_EMPTY_BODY = YES;
				CLANG_WARN_ENUM_CONVERSION = YES;
				CLANG_WARN_INFINITE_RECURSION = YES;
				CLANG_WARN_INT_CONVERSION = YES;
				CLANG_WARN_NON_LITERAL_NULL_CONVERSION = YES;
				CLANG_WARN_OBJC_IMPLICIT_RETAIN_SELF = YES;
				CLANG_WARN_OBJC_LITERAL_CONVERSION = YES;
				CLANG_WARN_OBJC_ROOT_CLASS = YES_ERROR;
				CLANG_WARN_QUOTED_INCLUDE_IN_FRAMEWORK_HEADER = YES;
				CLANG_WARN_RANGE_LOOP_ANALYSIS = YES;
				CLANG_WARN_STRICT_PROTOTYPES = YES;
				CLANG_WARN_SUSPICIOUS_MOVE = YES;
				CLANG_WARN_UNGUARDED_AVAILABILITY = YES_AGGRESSIVE;
				CLANG_WARN_UNREACHABLE_CODE = YES;
				CLANG_WARN__DUPLICATE_METHOD_MATCH = YES;
				COPY_PHASE_STRIP = NO;
				DEBUG_INFORMATION_FORMAT = "dwarf-with-dsym";
				ENABLE_NS_ASSERTIONS = NO;
				ENABLE_STRICT_OBJC_MSGSEND = YES;
				GCC_C_LANGUAGE_STANDARD = gnu11;
				GCC_NO_COMMON_BLOCKS = YES;
				GCC_WARN_64_TO_32_BIT_CONVERSION = YES;
				GCC_WARN_ABOUT_RETURN_TYPE = YES_ERROR;
				GCC_WARN_UNDECLARED_SELECTOR = YES;
				GCC_WARN_UNINITIALIZED_AUTOS = YES_AGGRESSIVE;
				GCC_WARN_UNUSED_FUNCTION = YES;
				GCC_WARN_UNUSED_VARIABLE = YES;
				IPHONEOS_DEPLOYMENT_TARGET = 16.4;
				MTL_ENABLE_DEBUG_INFO = NO;
				MTL_FAST_MATH = YES;
				SDKROOT = iphoneos;
				SWIFT_COMPILATION_MODE = wholemodule;
				SWIFT_OPTIMIZATION_LEVEL = "-O";
				VALIDATE_PRODUCT = YES;
			};
			name = Release;
		};
		82782AAE2A83DF0000204C7A /* Debug */ = {
			isa = XCBuildConfiguration;
			buildSettings = {
				ASSETCATALOG_COMPILER_APPICON_NAME = AppIcon;
				ASSETCATALOG_COMPILER_GLOBAL_ACCENT_COLOR_NAME = AccentColor;
				CODE_SIGN_STYLE = Automatic;
				CURRENT_PROJECT_VERSION = 1;
				DEVELOPMENT_ASSET_PATHS = "\"DayNightChallenge/Preview Content\"";
				DEVELOPMENT_TEAM = 9SAUD8H4S8;
				ENABLE_PREVIEWS = YES;
				GENERATE_INFOPLIST_FILE = YES;
				INFOPLIST_KEY_UIApplicationSceneManifest_Generation = YES;
				INFOPLIST_KEY_UIApplicationSupportsIndirectInputEvents = YES;
				INFOPLIST_KEY_UILaunchScreen_Generation = YES;
				INFOPLIST_KEY_UISupportedInterfaceOrientations_iPad = "UIInterfaceOrientationPortrait UIInterfaceOrientationPortraitUpsideDown UIInterfaceOrientationLandscapeLeft UIInterfaceOrientationLandscapeRight";
				INFOPLIST_KEY_UISupportedInterfaceOrientations_iPhone = "UIInterfaceOrientationPortrait UIInterfaceOrientationLandscapeLeft UIInterfaceOrientationLandscapeRight";
				LD_RUNPATH_SEARCH_PATHS = (
					"$(inherited)",
					"@executable_path/Frameworks",
				);
				MARKETING_VERSION = 1.0;
				PRODUCT_BUNDLE_IDENTIFIER = com.androidchi.DayNightChallenge;
				PRODUCT_NAME = "$(TARGET_NAME)";
				SWIFT_EMIT_LOC_STRINGS = YES;
				SWIFT_VERSION = 5.0;
				TARGETED_DEVICE_FAMILY = "1,2";
			};
			name = Debug;
		};
		82782AAF2A83DF0000204C7A /* Release */ = {
			isa = XCBuildConfiguration;
			buildSettings = {
				ASSETCATALOG_COMPILER_APPICON_NAME = AppIcon;
				ASSETCATALOG_COMPILER_GLOBAL_ACCENT_COLOR_NAME = AccentColor;
				CODE_SIGN_STYLE = Automatic;
				CURRENT_PROJECT_VERSION = 1;
				DEVELOPMENT_ASSET_PATHS = "\"DayNightChallenge/Preview Content\"";
				DEVELOPMENT_TEAM = 9SAUD8H4S8;
				ENABLE_PREVIEWS = YES;
				GENERATE_INFOPLIST_FILE = YES;
				INFOPLIST_KEY_UIApplicationSceneManifest_Generation = YES;
				INFOPLIST_KEY_UIApplicationSupportsIndirectInputEvents = YES;
				INFOPLIST_KEY_UILaunchScreen_Generation = YES;
				INFOPLIST_KEY_UISupportedInterfaceOrientations_iPad = "UIInterfaceOrientationPortrait UIInterfaceOrientationPortraitUpsideDown UIInterfaceOrientationLandscapeLeft UIInterfaceOrientationLandscapeRight";
				INFOPLIST_KEY_UISupportedInterfaceOrientations_iPhone = "UIInterfaceOrientationPortrait UIInterfaceOrientationLandscapeLeft UIInterfaceOrientationLandscapeRight";
				LD_RUNPATH_SEARCH_PATHS = (
					"$(inherited)",
					"@executable_path/Frameworks",
				);
				MARKETING_VERSION = 1.0;
				PRODUCT_BUNDLE_IDENTIFIER = com.androidchi.DayNightChallenge;
				PRODUCT_NAME = "$(TARGET_NAME)";
				SWIFT_EMIT_LOC_STRINGS = YES;
				SWIFT_VERSION = 5.0;
				TARGETED_DEVICE_FAMILY = "1,2";
			};
			name = Release;
		};
		82782AB12A83DF0000204C7A /* Debug */ = {
			isa = XCBuildConfiguration;
			buildSettings = {
				ALWAYS_EMBED_SWIFT_STANDARD_LIBRARIES = YES;
				BUNDLE_LOADER = "$(TEST_HOST)";
				CODE_SIGN_STYLE = Automatic;
				CURRENT_PROJECT_VERSION = 1;
				DEVELOPMENT_TEAM = 9SAUD8H4S8;
				GENERATE_INFOPLIST_FILE = YES;
				IPHONEOS_DEPLOYMENT_TARGET = 16.4;
				MARKETING_VERSION = 1.0;
				PRODUCT_BUNDLE_IDENTIFIER = com.androidchi.DayNightChallengeTests;
				PRODUCT_NAME = "$(TARGET_NAME)";
				SWIFT_EMIT_LOC_STRINGS = NO;
				SWIFT_VERSION = 5.0;
				TARGETED_DEVICE_FAMILY = "1,2";
				TEST_HOST = "$(BUILT_PRODUCTS_DIR)/DayNightChallenge.app/$(BUNDLE_EXECUTABLE_FOLDER_PATH)/DayNightChallenge";
			};
			name = Debug;
		};
		82782AB22A83DF0000204C7A /* Release */ = {
			isa = XCBuildConfiguration;
			buildSettings = {
				ALWAYS_EMBED_SWIFT_STANDARD_LIBRARIES = YES;
				BUNDLE_LOADER = "$(TEST_HOST)";
				CODE_SIGN_STYLE = Automatic;
				CURRENT_PROJECT_VERSION = 1;
				DEVELOPMENT_TEAM = 9SAUD8H4S8;
				GENERATE_INFOPLIST_FILE = YES;
				IPHONEOS_DEPLOYMENT_TARGET = 16.4;
				MARKETING_VERSION = 1.0;
				PRODUCT_BUNDLE_IDENTIFIER = com.androidchi.DayNightChallengeTests;
				PRODUCT_NAME = "$(TARGET_NAME)";
				SWIFT_EMIT_LOC_STRINGS = NO;
				SWIFT_VERSION = 5.0;
				TARGETED_DEVICE_FAMILY = "1,2";
				TEST_HOST = "$(BUILT_PRODUCTS_DIR)/DayNightChallenge.app/$(BUNDLE_EXECUTABLE_FOLDER_PATH)/DayNightChallenge";
			};
			name = Release;
		};
		82782AB42A83DF0000204C7A /* Debug */ = {
			isa = XCBuildConfiguration;
			buildSettings = {
				ALWAYS_EMBED_SWIFT_STANDARD_LIBRARIES = YES;
				CODE_SIGN_STYLE = Automatic;
				CURRENT_PROJECT_VERSION = 1;
				DEVELOPMENT_TEAM = 9SAUD8H4S8;
				GENERATE_INFOPLIST_FILE = YES;
				MARKETING_VERSION = 1.0;
				PRODUCT_BUNDLE_IDENTIFIER = com.androidchi.DayNightChallengeUITests;
				PRODUCT_NAME = "$(TARGET_NAME)";
				SWIFT_EMIT_LOC_STRINGS = NO;
				SWIFT_VERSION = 5.0;
				TARGETED_DEVICE_FAMILY = "1,2";
				TEST_TARGET_NAME = DayNightChallenge;
			};
			name = Debug;
		};
		82782AB52A83DF0000204C7A /* Release */ = {
			isa = XCBuildConfiguration;
			buildSettings = {
				ALWAYS_EMBED_SWIFT_STANDARD_LIBRARIES = YES;
				CODE_SIGN_STYLE = Automatic;
				CURRENT_PROJECT_VERSION = 1;
				DEVELOPMENT_TEAM = 9SAUD8H4S8;
				GENERATE_INFOPLIST_FILE = YES;
				MARKETING_VERSION = 1.0;
				PRODUCT_BUNDLE_IDENTIFIER = com.androidchi.DayNightChallengeUITests;
				PRODUCT_NAME = "$(TARGET_NAME)";
				SWIFT_EMIT_LOC_STRINGS = NO;
				SWIFT_VERSION = 5.0;
				TARGETED_DEVICE_FAMILY = "1,2";
				TEST_TARGET_NAME = DayNightChallenge;
			};
			name = Release;
		};
/* End XCBuildConfiguration section */

/* Begin XCConfigurationList section */
		82782A842A83DEFB00204C7A /* Build configuration list for PBXProject "DayNightChallenge" */ = {
			isa = XCConfigurationList;
			buildConfigurations = (
				82782AAB2A83DF0000204C7A /* Debug */,
				82782AAC2A83DF0000204C7A /* Release */,
			);
			defaultConfigurationIsVisible = 0;
			defaultConfigurationName = Release;
		};
		82782AAD2A83DF0000204C7A /* Build configuration list for PBXNativeTarget "DayNightChallenge" */ = {
			isa = XCConfigurationList;
			buildConfigurations = (
				82782AAE2A83DF0000204C7A /* Debug */,
				82782AAF2A83DF0000204C7A /* Release */,
			);
			defaultConfigurationIsVisible = 0;
			defaultConfigurationName = Release;
		};
		82782AB02A83DF0000204C7A /* Build configuration list for PBXNativeTarget "DayNightChallengeTests" */ = {
			isa = XCConfigurationList;
			buildConfigurations = (
				82782AB12A83DF0000204C7A /* Debug */,
				82782AB22A83DF0000204C7A /* Release */,
			);
			defaultConfigurationIsVisible = 0;
			defaultConfigurationName = Release;
		};
		82782AB32A83DF0000204C7A /* Build configuration list for PBXNativeTarget "DayNightChallengeUITests" */ = {
			isa = XCConfigurationList;
			buildConfigurations = (
				82782AB42A83DF0000204C7A /* Debug */,
				82782AB52A83DF0000204C7A /* Release */,
			);
			defaultConfigurationIsVisible = 0;
			defaultConfigurationName = Release;
		};
/* End XCConfigurationList section */
	};
	rootObject = 82782A812A83DEFB00204C7A /* Project object */;
}
